// !$*UTF8*$!
{
	archiveVersion = 1;
	classes = {
	};
	objectVersion = 50;
	objects = {

/* Begin PBXBuildFile section */
		FD6F4463252999B800805E51 /* AppDelegate.swift in Sources */ = {isa = PBXBuildFile; fileRef = FD6F4462252999B800805E51 /* AppDelegate.swift */; };
		FD6F4465252999B800805E51 /* SceneDelegate.swift in Sources */ = {isa = PBXBuildFile; fileRef = FD6F4464252999B800805E51 /* SceneDelegate.swift */; };
		FD6F4467252999B800805E51 /* ViewController.swift in Sources */ = {isa = PBXBuildFile; fileRef = FD6F4466252999B800805E51 /* ViewController.swift */; };
		FD6F446A252999B800805E51 /* Main.storyboard in Resources */ = {isa = PBXBuildFile; fileRef = FD6F4468252999B800805E51 /* Main.storyboard */; };
		FD6F446C252999B900805E51 /* Assets.xcassets in Resources */ = {isa = PBXBuildFile; fileRef = FD6F446B252999B900805E51 /* Assets.xcassets */; };
		FD6F446F252999B900805E51 /* LaunchScreen.storyboard in Resources */ = {isa = PBXBuildFile; fileRef = FD6F446D252999B900805E51 /* LaunchScreen.storyboard */; };
		FD6F448125299A5400805E51 /* 8.jpg in Resources */ = {isa = PBXBuildFile; fileRef = FD6F447725299A5300805E51 /* 8.jpg */; };
		FD6F448225299A5400805E51 /* 3.jpg in Resources */ = {isa = PBXBuildFile; fileRef = FD6F447825299A5300805E51 /* 3.jpg */; };
		FD6F448325299A5400805E51 /* 4.jpg in Resources */ = {isa = PBXBuildFile; fileRef = FD6F447925299A5300805E51 /* 4.jpg */; };
		FD6F448425299A5400805E51 /* 7.jpg in Resources */ = {isa = PBXBuildFile; fileRef = FD6F447A25299A5300805E51 /* 7.jpg */; };
		FD6F448525299A5400805E51 /* 5.jpg in Resources */ = {isa = PBXBuildFile; fileRef = FD6F447B25299A5300805E51 /* 5.jpg */; };
		FD6F448625299A5400805E51 /* 10.jpg in Resources */ = {isa = PBXBuildFile; fileRef = FD6F447C25299A5300805E51 /* 10.jpg */; };
		FD6F448725299A5400805E51 /* 6.jpg in Resources */ = {isa = PBXBuildFile; fileRef = FD6F447D25299A5400805E51 /* 6.jpg */; };
		FD6F448825299A5400805E51 /* 2.jpg in Resources */ = {isa = PBXBuildFile; fileRef = FD6F447E25299A5400805E51 /* 2.jpg */; };
		FD6F448925299A5400805E51 /* 1.jpg in Resources */ = {isa = PBXBuildFile; fileRef = FD6F447F25299A5400805E51 /* 1.jpg */; };
		FD6F448A25299A5400805E51 /* 9.jpg in Resources */ = {isa = PBXBuildFile; fileRef = FD6F448025299A5400805E51 /* 9.jpg */; };
/* End PBXBuildFile section */

/* Begin PBXFileReference section */
		FD6F445F252999B800805E51 /* PickerView.app */ = {isa = PBXFileReference; explicitFileType = wrapper.application; includeInIndex = 0; path = PickerView.app; sourceTree = BUILT_PRODUCTS_DIR; };
		FD6F4462252999B800805E51 /* AppDelegate.swift */ = {isa = PBXFileReference; lastKnownFileType = sourcecode.swift; path = AppDelegate.swift; sourceTree = "<group>"; };
		FD6F4464252999B800805E51 /* SceneDelegate.swift */ = {isa = PBXFileReference; lastKnownFileType = sourcecode.swift; path = SceneDelegate.swift; sourceTree = "<group>"; };
		FD6F4466252999B800805E51 /* ViewController.swift */ = {isa = PBXFileReference; lastKnownFileType = sourcecode.swift; path = ViewController.swift; sourceTree = "<group>"; };
		FD6F4469252999B800805E51 /* Base */ = {isa = PBXFileReference; lastKnownFileType = file.storyboard; name = Base; path = Base.lproj/Main.storyboard; sourceTree = "<group>"; };
		FD6F446B252999B900805E51 /* Assets.xcassets */ = {isa = PBXFileReference; lastKnownFileType = folder.assetcatalog; path = Assets.xcassets; sourceTree = "<group>"; };
		FD6F446E252999B900805E51 /* Base */ = {isa = PBXFileReference; lastKnownFileType = file.storyboard; name = Base; path = Base.lproj/LaunchScreen.storyboard; sourceTree = "<group>"; };
		FD6F4470252999B900805E51 /* Info.plist */ = {isa = PBXFileReference; lastKnownFileType = text.plist.xml; path = Info.plist; sourceTree = "<group>"; };
		FD6F447725299A5300805E51 /* 8.jpg */ = {isa = PBXFileReference; lastKnownFileType = image.jpeg; path = 8.jpg; sourceTree = "<group>"; };
		FD6F447825299A5300805E51 /* 3.jpg */ = {isa = PBXFileReference; lastKnownFileType = image.jpeg; path = 3.jpg; sourceTree = "<group>"; };
		FD6F447925299A5300805E51 /* 4.jpg */ = {isa = PBXFileReference; lastKnownFileType = image.jpeg; path = 4.jpg; sourceTree = "<group>"; };
		FD6F447A25299A5300805E51 /* 7.jpg */ = {isa = PBXFileReference; lastKnownFileType = image.jpeg; path = 7.jpg; sourceTree = "<group>"; };
		FD6F447B25299A5300805E51 /* 5.jpg */ = {isa = PBXFileReference; lastKnownFileType = image.jpeg; path = 5.jpg; sourceTree = "<group>"; };
		FD6F447C25299A5300805E51 /* 10.jpg */ = {isa = PBXFileReference; lastKnownFileType = image.jpeg; path = 10.jpg; sourceTree = "<group>"; };
		FD6F447D25299A5400805E51 /* 6.jpg */ = {isa = PBXFileReference; lastKnownFileType = image.jpeg; path = 6.jpg; sourceTree = "<group>"; };
		FD6F447E25299A5400805E51 /* 2.jpg */ = {isa = PBXFileReference; lastKnownFileType = image.jpeg; path = 2.jpg; sourceTree = "<group>"; };
		FD6F447F25299A5400805E51 /* 1.jpg */ = {isa = PBXFileReference; lastKnownFileType = image.jpeg; path = 1.jpg; sourceTree = "<group>"; };
		FD6F448025299A5400805E51 /* 9.jpg */ = {isa = PBXFileReference; lastKnownFileType = image.jpeg; path = 9.jpg; sourceTree = "<group>"; };
/* End PBXFileReference section */

/* Begin PBXFrameworksBuildPhase section */
		FD6F445C252999B800805E51 /* Frameworks */ = {
			isa = PBXFrameworksBuildPhase;
			buildActionMask = 2147483647;
			files = (
			);
			runOnlyForDeploymentPostprocessing = 0;
		};
/* End PBXFrameworksBuildPhase section */

/* Begin PBXGroup section */
		FD6F4456252999B800805E51 = {
			isa = PBXGroup;
			children = (
				FD6F4461252999B800805E51 /* PickerView */,
				FD6F4460252999B800805E51 /* Products */,
			);
			sourceTree = "<group>";
		};
		FD6F4460252999B800805E51 /* Products */ = {
			isa = PBXGroup;
			children = (
				FD6F445F252999B800805E51 /* PickerView.app */,
			);
			name = Products;
			sourceTree = "<group>";
		};
		FD6F4461252999B800805E51 /* PickerView */ = {
			isa = PBXGroup;
			children = (
				FD6F447625299A1300805E51 /* images */,
				FD6F4462252999B800805E51 /* AppDelegate.swift */,
				FD6F4464252999B800805E51 /* SceneDelegate.swift */,
				FD6F4466252999B800805E51 /* ViewController.swift */,
				FD6F4468252999B800805E51 /* Main.storyboard */,
				FD6F446B252999B900805E51 /* Assets.xcassets */,
				FD6F446D252999B900805E51 /* LaunchScreen.storyboard */,
				FD6F4470252999B900805E51 /* Info.plist */,
			);
			path = PickerView;
			sourceTree = "<group>";
		};
		FD6F447625299A1300805E51 /* images */ = {
			isa = PBXGroup;
			children = (
				FD6F447F25299A5400805E51 /* 1.jpg */,
				FD6F447E25299A5400805E51 /* 2.jpg */,
				FD6F447825299A5300805E51 /* 3.jpg */,
				FD6F447925299A5300805E51 /* 4.jpg */,
				FD6F447B25299A5300805E51 /* 5.jpg */,
				FD6F447D25299A5400805E51 /* 6.jpg */,
				FD6F447A25299A5300805E51 /* 7.jpg */,
				FD6F447725299A5300805E51 /* 8.jpg */,
				FD6F448025299A5400805E51 /* 9.jpg */,
				FD6F447C25299A5300805E51 /* 10.jpg */,
			);
			path = images;
			sourceTree = "<group>";
		};
/* End PBXGroup section */

/* Begin PBXNativeTarget section */
		FD6F445E252999B800805E51 /* PickerView */ = {
			isa = PBXNativeTarget;
			buildConfigurationList = FD6F4473252999B900805E51 /* Build configuration list for PBXNativeTarget "PickerView" */;
			buildPhases = (
				FD6F445B252999B800805E51 /* Sources */,
				FD6F445C252999B800805E51 /* Frameworks */,
				FD6F445D252999B800805E51 /* Resources */,
			);
			buildRules = (
			);
			dependencies = (
			);
			name = PickerView;
			productName = PickerView;
			productReference = FD6F445F252999B800805E51 /* PickerView.app */;
			productType = "com.apple.product-type.application";
		};
/* End PBXNativeTarget section */

/* Begin PBXProject section */
		FD6F4457252999B800805E51 /* Project object */ = {
			isa = PBXProject;
			attributes = {
				LastSwiftUpdateCheck = 1170;
				LastUpgradeCheck = 1170;
				ORGANIZATIONNAME = "Cholong Kang";
				TargetAttributes = {
					FD6F445E252999B800805E51 = {
						CreatedOnToolsVersion = 11.7;
					};
				};
			};
			buildConfigurationList = FD6F445A252999B800805E51 /* Build configuration list for PBXProject "PickerView" */;
			compatibilityVersion = "Xcode 9.3";
			developmentRegion = en;
			hasScannedForEncodings = 0;
			knownRegions = (
				en,
				Base,
			);
			mainGroup = FD6F4456252999B800805E51;
			productRefGroup = FD6F4460252999B800805E51 /* Products */;
			projectDirPath = "";
			projectRoot = "";
			targets = (
				FD6F445E252999B800805E51 /* PickerView */,
			);
		};
/* End PBXProject section */

/* Begin PBXResourcesBuildPhase section */
		FD6F445D252999B800805E51 /* Resources */ = {
			isa = PBXResourcesBuildPhase;
			buildActionMask = 2147483647;
			files = (
				FD6F448A25299A5400805E51 /* 9.jpg in Resources */,
				FD6F448825299A5400805E51 /* 2.jpg in Resources */,
				FD6F448325299A5400805E51 /* 4.jpg in Resources */,
				FD6F448525299A5400805E51 /* 5.jpg in Resources */,
				FD6F448225299A5400805E51 /* 3.jpg in Resources */,
				FD6F448125299A5400805E51 /* 8.jpg in Resources */,
				FD6F448725299A5400805E51 /* 6.jpg in Resources */,
				FD6F448625299A5400805E51 /* 10.jpg in Resources */,
				FD6F448425299A5400805E51 /* 7.jpg in Resources */,
				FD6F446F252999B900805E51 /* LaunchScreen.storyboard in Resources */,
				FD6F448925299A5400805E51 /* 1.jpg in Resources */,
				FD6F446C252999B900805E51 /* Assets.xcassets in Resources */,
				FD6F446A252999B800805E51 /* Main.storyboard in Resources */,
			);
			runOnlyForDeploymentPostprocessing = 0;
		};
/* End PBXResourcesBuildPhase section */

/* Begin PBXSourcesBuildPhase section */
		FD6F445B252999B800805E51 /* Sources */ = {
			isa = PBXSourcesBuildPhase;
			buildActionMask = 2147483647;
			files = (
				FD6F4467252999B800805E51 /* ViewController.swift in Sources */,
				FD6F4463252999B800805E51 /* AppDelegate.swift in Sources */,
				FD6F4465252999B800805E51 /* SceneDelegate.swift in Sources */,
			);
			runOnlyForDeploymentPostprocessing = 0;
		};
/* End PBXSourcesBuildPhase section */

/* Begin PBXVariantGroup section */
		FD6F4468252999B800805E51 /* Main.storyboard */ = {
			isa = PBXVariantGroup;
			children = (
				FD6F4469252999B800805E51 /* Base */,
			);
			name = Main.storyboard;
			sourceTree = "<group>";
		};
		FD6F446D252999B900805E51 /* LaunchScreen.storyboard */ = {
			isa = PBXVariantGroup;
			children = (
				FD6F446E252999B900805E51 /* Base */,
			);
			name = LaunchScreen.storyboard;
			sourceTree = "<group>";
		};
/* End PBXVariantGroup section */

/* Begin XCBuildConfiguration section */
		FD6F4471252999B900805E51 /* Debug */ = {
			isa = XCBuildConfiguration;
			buildSettings = {
				ALWAYS_SEARCH_USER_PATHS = NO;
				CLANG_ANALYZER_NONNULL = YES;
				CLANG_ANALYZER_NUMBER_OBJECT_CONVERSION = YES_AGGRESSIVE;
				CLANG_CXX_LANGUAGE_STANDARD = "gnu++14";
				CLANG_CXX_LIBRARY = "libc++";
				CLANG_ENABLE_MODULES = YES;
				CLANG_ENABLE_OBJC_ARC = YES;
				CLANG_ENABLE_OBJC_WEAK = YES;
				CLANG_WARN_BLOCK_CAPTURE_AUTORELEASING = YES;
				CLANG_WARN_BOOL_CONVERSION = YES;
				CLANG_WARN_COMMA = YES;
				CLANG_WARN_CONSTANT_CONVERSION = YES;
				CLANG_WARN_DEPRECATED_OBJC_IMPLEMENTATIONS = YES;
				CLANG_WARN_DIRECT_OBJC_ISA_USAGE = YES_ERROR;
				CLANG_WARN_DOCUMENTATION_COMMENTS = YES;
				CLANG_WARN_EMPTY_BODY = YES;
				CLANG_WARN_ENUM_CONVERSION = YES;
				CLANG_WARN_INFINITE_RECURSION = YES;
				CLANG_WARN_INT_CONVERSION = YES;
				CLANG_WARN_NON_LITERAL_NULL_CONVERSION = YES;
				CLANG_WARN_OBJC_IMPLICIT_RETAIN_SELF = YES;
				CLANG_WARN_OBJC_LITERAL_CONVERSION = YES;
				CLANG_WARN_OBJC_ROOT_CLASS = YES_ERROR;
				CLANG_WARN_RANGE_LOOP_ANALYSIS = YES;
				CLANG_WARN_STRICT_PROTOTYPES = YES;
				CLANG_WARN_SUSPICIOUS_MOVE = YES;
				CLANG_WARN_UNGUARDED_AVAILABILITY = YES_AGGRESSIVE;
				CLANG_WARN_UNREACHABLE_CODE = YES;
				CLANG_WARN__DUPLICATE_METHOD_MATCH = YES;
				COPY_PHASE_STRIP = NO;
				DEBUG_INFORMATION_FORMAT = dwarf;
				ENABLE_STRICT_OBJC_MSGSEND = YES;
				ENABLE_TESTABILITY = YES;
				GCC_C_LANGUAGE_STANDARD = gnu11;
				GCC_DYNAMIC_NO_PIC = NO;
				GCC_NO_COMMON_BLOCKS = YES;
				GCC_OPTIMIZATION_LEVEL = 0;
				GCC_PREPROCESSOR_DEFINITIONS = (
					"DEBUG=1",
					"$(inherited)",
				);
				GCC_WARN_64_TO_32_BIT_CONVERSION = YES;
				GCC_WARN_ABOUT_RETURN_TYPE = YES_ERROR;
				GCC_WARN_UNDECLARED_SELECTOR = YES;
				GCC_WARN_UNINITIALIZED_AUTOS = YES_AGGRESSIVE;
				GCC_WARN_UNUSED_FUNCTION = YES;
				GCC_WARN_UNUSED_VARIABLE = YES;
				IPHONEOS_DEPLOYMENT_TARGET = 13.7;
				MTL_ENABLE_DEBUG_INFO = INCLUDE_SOURCE;
				MTL_FAST_MATH = YES;
				ONLY_ACTIVE_ARCH = YES;
				SDKROOT = iphoneos;
				SWIFT_ACTIVE_COMPILATION_CONDITIONS = DEBUG;
				SWIFT_OPTIMIZATION_LEVEL = "-Onone";
			};
			name = Debug;
		};
		FD6F4472252999B900805E51 /* Release */ = {
			isa = XCBuildConfiguration;
			buildSettings = {
				ALWAYS_SEARCH_USER_PATHS = NO;
				CLANG_ANALYZER_NONNULL = YES;
				CLANG_ANALYZER_NUMBER_OBJECT_CONVERSION = YES_AGGRESSIVE;
				CLANG_CXX_LANGUAGE_STANDARD = "gnu++14";
				CLANG_CXX_LIBRARY = "libc++";
				CLANG_ENABLE_MODULES = YES;
				CLANG_ENABLE_OBJC_ARC = YES;
				CLANG_ENABLE_OBJC_WEAK = YES;
				CLANG_WARN_BLOCK_CAPTURE_AUTORELEASING = YES;
				CLANG_WARN_BOOL_CONVERSION = YES;
				CLANG_WARN_COMMA = YES;
				CLANG_WARN_CONSTANT_CONVERSION = YES;
				CLANG_WARN_DEPRECATED_OBJC_IMPLEMENTATIONS = YES;
				CLANG_WARN_DIRECT_OBJC_ISA_USAGE = YES_ERROR;
				CLANG_WARN_DOCUMENTATION_COMMENTS = YES;
				CLANG_WARN_EMPTY_BODY = YES;
				CLANG_WARN_ENUM_CONVERSION = YES;
				CLANG_WARN_INFINITE_RECURSION = YES;
				CLANG_WARN_INT_CONVERSION = YES;
				CLANG_WARN_NON_LITERAL_NULL_CONVERSION = YES;
				CLANG_WARN_OBJC_IMPLICIT_RETAIN_SELF = YES;
				CLANG_WARN_OBJC_LITERAL_CONVERSION = YES;
				CLANG_WARN_OBJC_ROOT_CLASS = YES_ERROR;
				CLANG_WARN_RANGE_LOOP_ANALYSIS = YES;
				CLANG_WARN_STRICT_PROTOTYPES = YES;
				CLANG_WARN_SUSPICIOUS_MOVE = YES;
				CLANG_WARN_UNGUARDED_AVAILABILITY = YES_AGGRESSIVE;
				CLANG_WARN_UNREACHABLE_CODE = YES;
				CLANG_WARN__DUPLICATE_METHOD_MATCH = YES;
				COPY_PHASE_STRIP = NO;
				DEBUG_INFORMATION_FORMAT = "dwarf-with-dsym";
				ENABLE_NS_ASSERTIONS = NO;
				ENABLE_STRICT_OBJC_MSGSEND = YES;
				GCC_C_LANGUAGE_STANDARD = gnu11;
				GCC_NO_COMMON_BLOCKS = YES;
				GCC_WARN_64_TO_32_BIT_CONVERSION = YES;
				GCC_WARN_ABOUT_RETURN_TYPE = YES_ERROR;
				GCC_WARN_UNDECLARED_SELECTOR = YES;
				GCC_WARN_UNINITIALIZED_AUTOS = YES_AGGRESSIVE;
				GCC_WARN_UNUSED_FUNCTION = YES;
				GCC_WARN_UNUSED_VARIABLE = YES;
				IPHONEOS_DEPLOYMENT_TARGET = 13.7;
				MTL_ENABLE_DEBUG_INFO = NO;
				MTL_FAST_MATH = YES;
				SDKROOT = iphoneos;
				SWIFT_COMPILATION_MODE = wholemodule;
				SWIFT_OPTIMIZATION_LEVEL = "-O";
				VALIDATE_PRODUCT = YES;
			};
			name = Release;
		};
		FD6F4474252999B900805E51 /* Debug */ = {
			isa = XCBuildConfiguration;
			buildSettings = {
				ASSETCATALOG_COMPILER_APPICON_NAME = AppIcon;
				CODE_SIGN_STYLE = Automatic;
				DEVELOPMENT_TEAM = TY6HAD6VHY;
				INFOPLIST_FILE = PickerView/Info.plist;
				LD_RUNPATH_SEARCH_PATHS = (
					"$(inherited)",
					"@executable_path/Frameworks",
				);
				PRODUCT_BUNDLE_IDENTIFIER = com.example.PickerView3;
				PRODUCT_NAME = "$(TARGET_NAME)";
				SWIFT_VERSION = 5.0;
				TARGETED_DEVICE_FAMILY = "1,2";
			};
			name = Debug;
		};
		FD6F4475252999B900805E51 /* Release */ = {
			isa = XCBuildConfiguration;
			buildSettings = {
				ASSETCATALOG_COMPILER_APPICON_NAME = AppIcon;
				CODE_SIGN_STYLE = Automatic;
				DEVELOPMENT_TEAM = TY6HAD6VHY;
				INFOPLIST_FILE = PickerView/Info.plist;
				LD_RUNPATH_SEARCH_PATHS = (
					"$(inherited)",
					"@executable_path/Frameworks",
				);
				PRODUCT_BUNDLE_IDENTIFIER = com.example.PickerView3;
				PRODUCT_NAME = "$(TARGET_NAME)";
				SWIFT_VERSION = 5.0;
				TARGETED_DEVICE_FAMILY = "1,2";
			};
			name = Release;
		};
/* End XCBuildConfiguration section */

/* Begin XCConfigurationList section */
		FD6F445A252999B800805E51 /* Build configuration list for PBXProject "PickerView" */ = {
			isa = XCConfigurationList;
			buildConfigurations = (
				FD6F4471252999B900805E51 /* Debug */,
				FD6F4472252999B900805E51 /* Release */,
			);
			defaultConfigurationIsVisible = 0;
			defaultConfigurationName = Release;
		};
		FD6F4473252999B900805E51 /* Build configuration list for PBXNativeTarget "PickerView" */ = {
			isa = XCConfigurationList;
			buildConfigurations = (
				FD6F4474252999B900805E51 /* Debug */,
				FD6F4475252999B900805E51 /* Release */,
			);
			defaultConfigurationIsVisible = 0;
			defaultConfigurationName = Release;
		};
/* End XCConfigurationList section */
	};
	rootObject = FD6F4457252999B800805E51 /* Project object */;
}
